
Microsoft Visual Studio Solution File, Format Version 12.00
# Visual Studio Version 17
VisualStudioVersion = 17.14.36811.4 d17.14
MinimumVisualStudioVersion = 10.0.40219.1
Project("{FAE04EC0-301F-11D3-BF4B-00C04F79EFBC}") = "WpfApp1", "WpfApp1.csproj", "{6237CBB5-9CC3-4A9C-AB45-C6EA7EC12C4C}"
EndProject
Global
	GlobalSection(SolutionConfigurationPlatforms) = preSolution
		Debug|Any CPU = Debug|Any CPU
		Release|Any CPU = Release|Any CPU
	EndGlobalSection
	GlobalSection(ProjectConfigurationPlatforms) = postSolution
		{6237CBB5-9CC3-4A9C-AB45-C6EA7EC12C4C}.Debug|Any CPU.ActiveCfg = Debug|Any CPU
		{6237CBB5-9CC3-4A9C-AB45-C6EA7EC12C4C}.Debug|Any CPU.Build.0 = Debug|Any CPU
		{6237CBB5-9CC3-4A9C-AB45-C6EA7EC12C4C}.Release|Any CPU.ActiveCfg = Release|Any CPU
		{6237CBB5-9CC3-4A9C-AB45-C6EA7EC12C4C}.Release|Any CPU.Build.0 = Release|Any CPU
	EndGlobalSection
	GlobalSection(SolutionProperties) = preSolution
		HideSolutionNode = FALSE
	EndGlobalSection
	GlobalSection(ExtensibilityGlobals) = postSolution
		SolutionGuid = {37C83552-C6AD-4829-AB7F-23B19E2CC11F}
	EndGlobalSection
EndGlobal
