
Microsoft Visual Studio Solution File, Format Version 12.00
# Visual Studio Version 17
VisualStudioVersion = 17.14.36811.4 d17.14
MinimumVisualStudioVersion = 10.0.40219.1
Project("{FAE04EC0-301F-11D3-BF4B-00C04F79EFBC}") = "testingSkills", "testingSkills.csproj", "{08915275-8271-43FC-8B87-8A749A20469F}"
EndProject
Global
	GlobalSection(SolutionConfigurationPlatforms) = preSolution
		Debug|Any CPU = Debug|Any CPU
		Release|Any CPU = Release|Any CPU
	EndGlobalSection
	GlobalSection(ProjectConfigurationPlatforms) = postSolution
		{08915275-8271-43FC-8B87-8A749A20469F}.Debug|Any CPU.ActiveCfg = Debug|Any CPU
		{08915275-8271-43FC-8B87-8A749A20469F}.Debug|Any CPU.Build.0 = Debug|Any CPU
		{08915275-8271-43FC-8B87-8A749A20469F}.Release|Any CPU.ActiveCfg = Release|Any CPU
		{08915275-8271-43FC-8B87-8A749A20469F}.Release|Any CPU.Build.0 = Release|Any CPU
	EndGlobalSection
	GlobalSection(SolutionProperties) = preSolution
		HideSolutionNode = FALSE
	EndGlobalSection
	GlobalSection(ExtensibilityGlobals) = postSolution
		SolutionGuid = {3572DCDA-9B51-4F25-9355-CCCC7D87DE68}
	EndGlobalSection
EndGlobal
