
Microsoft Visual Studio Solution File, Format Version 12.00
# Visual Studio Version 17
VisualStudioVersion = 17.14.36811.4 d17.14
MinimumVisualStudioVersion = 10.0.40219.1
Project("{FAE04EC0-301F-11D3-BF4B-00C04F79EFBC}") = "Navigation", "Navigation.csproj", "{271FD17A-320C-4733-A05F-E1B7741478C5}"
EndProject
Global
	GlobalSection(SolutionConfigurationPlatforms) = preSolution
		Debug|Any CPU = Debug|Any CPU
		Release|Any CPU = Release|Any CPU
	EndGlobalSection
	GlobalSection(ProjectConfigurationPlatforms) = postSolution
		{271FD17A-320C-4733-A05F-E1B7741478C5}.Debug|Any CPU.ActiveCfg = Debug|Any CPU
		{271FD17A-320C-4733-A05F-E1B7741478C5}.Debug|Any CPU.Build.0 = Debug|Any CPU
		{271FD17A-320C-4733-A05F-E1B7741478C5}.Release|Any CPU.ActiveCfg = Release|Any CPU
		{271FD17A-320C-4733-A05F-E1B7741478C5}.Release|Any CPU.Build.0 = Release|Any CPU
	EndGlobalSection
	GlobalSection(SolutionProperties) = preSolution
		HideSolutionNode = FALSE
	EndGlobalSection
	GlobalSection(ExtensibilityGlobals) = postSolution
		SolutionGuid = {109DB038-5302-4F50-AA8D-3817AAC895FF}
	EndGlobalSection
EndGlobal
