
Microsoft Visual Studio Solution File, Format Version 12.00
# Visual Studio Version 17
VisualStudioVersion = 17.13.35818.85 d17.13
MinimumVisualStudioVersion = 10.0.40219.1
Project("{FAE04EC0-301F-11D3-BF4B-00C04F79EFBC}") = "InterviewApp", "InterviewApp.csproj", "{B6F15D68-5611-413A-9D48-0015FF92A64F}"
EndProject
Global
	GlobalSection(SolutionConfigurationPlatforms) = preSolution
		Debug|Any CPU = Debug|Any CPU
		Release|Any CPU = Release|Any CPU
	EndGlobalSection
	GlobalSection(ProjectConfigurationPlatforms) = postSolution
		{B6F15D68-5611-413A-9D48-0015FF92A64F}.Debug|Any CPU.ActiveCfg = Debug|Any CPU
		{B6F15D68-5611-413A-9D48-0015FF92A64F}.Debug|Any CPU.Build.0 = Debug|Any CPU
		{B6F15D68-5611-413A-9D48-0015FF92A64F}.Release|Any CPU.ActiveCfg = Release|Any CPU
		{B6F15D68-5611-413A-9D48-0015FF92A64F}.Release|Any CPU.Build.0 = Release|Any CPU
	EndGlobalSection
	GlobalSection(SolutionProperties) = preSolution
		HideSolutionNode = FALSE
	EndGlobalSection
	GlobalSection(ExtensibilityGlobals) = postSolution
		SolutionGuid = {B311405F-84C2-4DA1-BAAD-B843AB972329}
	EndGlobalSection
EndGlobal
