
Microsoft Visual Studio Solution File, Format Version 12.00
# Visual Studio Version 17
VisualStudioVersion = 17.14.36811.4 d17.14
MinimumVisualStudioVersion = 10.0.40219.1
Project("{FAE04EC0-301F-11D3-BF4B-00C04F79EFBC}") = "PiCalculations", "PiCalculations.csproj", "{1F4D4114-8CBC-4C1A-819C-0C8A5273F867}"
EndProject
Global
	GlobalSection(SolutionConfigurationPlatforms) = preSolution
		Debug|Any CPU = Debug|Any CPU
		Release|Any CPU = Release|Any CPU
	EndGlobalSection
	GlobalSection(ProjectConfigurationPlatforms) = postSolution
		{1F4D4114-8CBC-4C1A-819C-0C8A5273F867}.Debug|Any CPU.ActiveCfg = Debug|Any CPU
		{1F4D4114-8CBC-4C1A-819C-0C8A5273F867}.Debug|Any CPU.Build.0 = Debug|Any CPU
		{1F4D4114-8CBC-4C1A-819C-0C8A5273F867}.Release|Any CPU.ActiveCfg = Release|Any CPU
		{1F4D4114-8CBC-4C1A-819C-0C8A5273F867}.Release|Any CPU.Build.0 = Release|Any CPU
	EndGlobalSection
	GlobalSection(SolutionProperties) = preSolution
		HideSolutionNode = FALSE
	EndGlobalSection
	GlobalSection(ExtensibilityGlobals) = postSolution
		SolutionGuid = {C4751D76-7FFD-4DFE-9C52-FC42870C4AAD}
	EndGlobalSection
EndGlobal
