
Microsoft Visual Studio Solution File, Format Version 12.00
# Visual Studio Version 17
VisualStudioVersion = 17.13.35818.85 d17.13
MinimumVisualStudioVersion = 10.0.40219.1
Project("{FAE04EC0-301F-11D3-BF4B-00C04F79EFBC}") = "HomeAssistant", "HomeAssistant.csproj", "{6E4B79AC-1AC7-4981-87FE-F1144AB0C382}"
EndProject
Global
	GlobalSection(SolutionConfigurationPlatforms) = preSolution
		Debug|Any CPU = Debug|Any CPU
		Release|Any CPU = Release|Any CPU
	EndGlobalSection
	GlobalSection(ProjectConfigurationPlatforms) = postSolution
		{6E4B79AC-1AC7-4981-87FE-F1144AB0C382}.Debug|Any CPU.ActiveCfg = Debug|Any CPU
		{6E4B79AC-1AC7-4981-87FE-F1144AB0C382}.Debug|Any CPU.Build.0 = Debug|Any CPU
		{6E4B79AC-1AC7-4981-87FE-F1144AB0C382}.Release|Any CPU.ActiveCfg = Release|Any CPU
		{6E4B79AC-1AC7-4981-87FE-F1144AB0C382}.Release|Any CPU.Build.0 = Release|Any CPU
	EndGlobalSection
	GlobalSection(SolutionProperties) = preSolution
		HideSolutionNode = FALSE
	EndGlobalSection
	GlobalSection(ExtensibilityGlobals) = postSolution
		SolutionGuid = {BC73CDA6-A508-4898-B34F-C80B5836AAD6}
	EndGlobalSection
EndGlobal
